// !$*UTF8*$!
{
	archiveVersion = 1;
	classes = {
	};
	objectVersion = 56;
	objects = {

/* Begin PBXBuildFile section */
		7ACF33F02B1E83240021114B /* MoodTrackerView.swift in Sources */ = {isa = PBXBuildFile; fileRef = 7ACF33EF2B1E83240021114B /* MoodTrackerView.swift */; };
		7ACF33F42B1E98B20021114B /* MyAppCheckProviderFactory.swift in Sources */ = {isa = PBXBuildFile; fileRef = 7ACF33F32B1E98B20021114B /* MyAppCheckProviderFactory.swift */; };
		7ACF33F62B1E9B4B0021114B /* GoogleService-Info.plist in Resources */ = {isa = PBXBuildFile; fileRef = 7ACF33F52B1E9B4B0021114B /* GoogleService-Info.plist */; };
		824BF8302B1849BF009086A6 /* FirebaseAnalytics in Frameworks */ = {isa = PBXBuildFile; productRef = 824BF82F2B1849BF009086A6 /* FirebaseAnalytics */; };
		824BF8322B1849BF009086A6 /* FirebaseAnalyticsOnDeviceConversion in Frameworks */ = {isa = PBXBuildFile; productRef = 824BF8312B1849BF009086A6 /* FirebaseAnalyticsOnDeviceConversion */; };
		824BF8342B1849BF009086A6 /* FirebaseAnalyticsSwift in Frameworks */ = {isa = PBXBuildFile; productRef = 824BF8332B1849BF009086A6 /* FirebaseAnalyticsSwift */; };
		824BF8362B1849BF009086A6 /* FirebaseAnalyticsWithoutAdIdSupport in Frameworks */ = {isa = PBXBuildFile; productRef = 824BF8352B1849BF009086A6 /* FirebaseAnalyticsWithoutAdIdSupport */; };
		824BF8382B1849BF009086A6 /* FirebaseAppCheck in Frameworks */ = {isa = PBXBuildFile; productRef = 824BF8372B1849BF009086A6 /* FirebaseAppCheck */; };
		824BF83B2B184DD4009086A6 /* FirebaseAnalytics in Frameworks */ = {isa = PBXBuildFile; productRef = 824BF83A2B184DD4009086A6 /* FirebaseAnalytics */; };
		824BF83D2B184DD4009086A6 /* FirebaseAnalyticsOnDeviceConversion in Frameworks */ = {isa = PBXBuildFile; productRef = 824BF83C2B184DD4009086A6 /* FirebaseAnalyticsOnDeviceConversion */; };
		824BF83F2B184DD4009086A6 /* FirebaseAnalyticsSwift in Frameworks */ = {isa = PBXBuildFile; productRef = 824BF83E2B184DD4009086A6 /* FirebaseAnalyticsSwift */; };
		824BF8412B184DD4009086A6 /* FirebaseAnalyticsWithoutAdIdSupport in Frameworks */ = {isa = PBXBuildFile; productRef = 824BF8402B184DD4009086A6 /* FirebaseAnalyticsWithoutAdIdSupport */; };
		824BF8432B184DD4009086A6 /* FirebaseAppCheck in Frameworks */ = {isa = PBXBuildFile; productRef = 824BF8422B184DD4009086A6 /* FirebaseAppCheck */; };
		824BF8452B184DD4009086A6 /* FirebaseAppDistribution-Beta in Frameworks */ = {isa = PBXBuildFile; productRef = 824BF8442B184DD4009086A6 /* FirebaseAppDistribution-Beta */; };
		824BF8472B184DD4009086A6 /* FirebaseAuth in Frameworks */ = {isa = PBXBuildFile; productRef = 824BF8462B184DD4009086A6 /* FirebaseAuth */; };
		824BF8492B184DD4009086A6 /* FirebaseAuthCombine-Community in Frameworks */ = {isa = PBXBuildFile; productRef = 824BF8482B184DD4009086A6 /* FirebaseAuthCombine-Community */; };
		824BF84B2B184DD4009086A6 /* FirebaseCrashlytics in Frameworks */ = {isa = PBXBuildFile; productRef = 824BF84A2B184DD4009086A6 /* FirebaseCrashlytics */; };
		824BF84D2B184DD4009086A6 /* FirebaseDatabase in Frameworks */ = {isa = PBXBuildFile; productRef = 824BF84C2B184DD4009086A6 /* FirebaseDatabase */; };
		824BF84F2B184DD4009086A6 /* FirebaseDatabaseSwift in Frameworks */ = {isa = PBXBuildFile; productRef = 824BF84E2B184DD4009086A6 /* FirebaseDatabaseSwift */; };
		824BF8512B184DD4009086A6 /* FirebaseDynamicLinks in Frameworks */ = {isa = PBXBuildFile; productRef = 824BF8502B184DD4009086A6 /* FirebaseDynamicLinks */; };
		824BF8532B184DD4009086A6 /* FirebaseFirestore in Frameworks */ = {isa = PBXBuildFile; productRef = 824BF8522B184DD4009086A6 /* FirebaseFirestore */; };
		824BF8552B184DD4009086A6 /* FirebaseFirestoreCombine-Community in Frameworks */ = {isa = PBXBuildFile; productRef = 824BF8542B184DD4009086A6 /* FirebaseFirestoreCombine-Community */; };
		824BF8572B184DD4009086A6 /* FirebaseFirestoreSwift in Frameworks */ = {isa = PBXBuildFile; productRef = 824BF8562B184DD4009086A6 /* FirebaseFirestoreSwift */; };
		824BF8592B184DD4009086A6 /* FirebaseFunctions in Frameworks */ = {isa = PBXBuildFile; productRef = 824BF8582B184DD4009086A6 /* FirebaseFunctions */; };
		824BF85B2B184DD4009086A6 /* FirebaseFunctionsCombine-Community in Frameworks */ = {isa = PBXBuildFile; productRef = 824BF85A2B184DD4009086A6 /* FirebaseFunctionsCombine-Community */; };
		824BF85D2B184DD4009086A6 /* FirebaseInAppMessaging-Beta in Frameworks */ = {isa = PBXBuildFile; productRef = 824BF85C2B184DD4009086A6 /* FirebaseInAppMessaging-Beta */; };
		824BF85F2B184DD4009086A6 /* FirebaseInAppMessagingSwift-Beta in Frameworks */ = {isa = PBXBuildFile; productRef = 824BF85E2B184DD4009086A6 /* FirebaseInAppMessagingSwift-Beta */; };
		824BF8612B184DD4009086A6 /* FirebaseInstallations in Frameworks */ = {isa = PBXBuildFile; productRef = 824BF8602B184DD4009086A6 /* FirebaseInstallations */; };
		824BF8632B184DD4009086A6 /* FirebaseMLModelDownloader in Frameworks */ = {isa = PBXBuildFile; productRef = 824BF8622B184DD4009086A6 /* FirebaseMLModelDownloader */; };
		824BF8652B184DD4009086A6 /* FirebaseMessaging in Frameworks */ = {isa = PBXBuildFile; productRef = 824BF8642B184DD4009086A6 /* FirebaseMessaging */; };
		824BF8672B184DD4009086A6 /* FirebasePerformance in Frameworks */ = {isa = PBXBuildFile; productRef = 824BF8662B184DD4009086A6 /* FirebasePerformance */; };
		824BF8692B184DD4009086A6 /* FirebaseRemoteConfig in Frameworks */ = {isa = PBXBuildFile; productRef = 824BF8682B184DD4009086A6 /* FirebaseRemoteConfig */; };
		824BF86B2B184DD4009086A6 /* FirebaseRemoteConfigSwift in Frameworks */ = {isa = PBXBuildFile; productRef = 824BF86A2B184DD4009086A6 /* FirebaseRemoteConfigSwift */; };
		824BF86D2B184DD4009086A6 /* FirebaseStorage in Frameworks */ = {isa = PBXBuildFile; productRef = 824BF86C2B184DD4009086A6 /* FirebaseStorage */; };
		824BF86F2B184DD4009086A6 /* FirebaseStorageCombine-Community in Frameworks */ = {isa = PBXBuildFile; productRef = 824BF86E2B184DD4009086A6 /* FirebaseStorageCombine-Community */; };
		829EB23F2B186983005378E4 /* GSRView.swift in Sources */ = {isa = PBXBuildFile; fileRef = 829EB23E2B186983005378E4 /* GSRView.swift */; };
		829EB2472B1AB946005378E4 /* SleepDetailsView.swift in Sources */ = {isa = PBXBuildFile; fileRef = 829EB2462B1AB946005378E4 /* SleepDetailsView.swift */; };
		82F494B42B077AEA00CE7D81 /* BeautySleepApp.swift in Sources */ = {isa = PBXBuildFile; fileRef = 82F494B32B077AEA00CE7D81 /* BeautySleepApp.swift */; };
		82F494B62B077AEA00CE7D81 /* ContentView.swift in Sources */ = {isa = PBXBuildFile; fileRef = 82F494B52B077AEA00CE7D81 /* ContentView.swift */; };
		82F494B82B077AEE00CE7D81 /* Assets.xcassets in Resources */ = {isa = PBXBuildFile; fileRef = 82F494B72B077AEE00CE7D81 /* Assets.xcassets */; };
		82F494BB2B077AEE00CE7D81 /* Preview Assets.xcassets in Resources */ = {isa = PBXBuildFile; fileRef = 82F494BA2B077AEE00CE7D81 /* Preview Assets.xcassets */; };
		82F494C22B077BBB00CE7D81 /* BeautySleepTabView.swift in Sources */ = {isa = PBXBuildFile; fileRef = 82F494C12B077BBB00CE7D81 /* BeautySleepTabView.swift */; };
		82F494C42B077CD700CE7D81 /* HomeView.swift in Sources */ = {isa = PBXBuildFile; fileRef = 82F494C32B077CD700CE7D81 /* HomeView.swift */; };
		82F494C62B077E4400CE7D81 /* ActivityCard.swift in Sources */ = {isa = PBXBuildFile; fileRef = 82F494C52B077E4300CE7D81 /* ActivityCard.swift */; };
		82F494C82B07893500CE7D81 /* HealthManager.swift in Sources */ = {isa = PBXBuildFile; fileRef = 82F494C72B07893400CE7D81 /* HealthManager.swift */; };
/* End PBXBuildFile section */

/* Begin PBXFileReference section */
		7ACF33EF2B1E83240021114B /* MoodTrackerView.swift */ = {isa = PBXFileReference; lastKnownFileType = sourcecode.swift; path = MoodTrackerView.swift; sourceTree = "<group>"; };
		7ACF33F32B1E98B20021114B /* MyAppCheckProviderFactory.swift */ = {isa = PBXFileReference; lastKnownFileType = sourcecode.swift; path = MyAppCheckProviderFactory.swift; sourceTree = "<group>"; };
		7ACF33F52B1E9B4B0021114B /* GoogleService-Info.plist */ = {isa = PBXFileReference; fileEncoding = 4; lastKnownFileType = text.plist.xml; name = "GoogleService-Info.plist"; path = "../../../../Downloads/GoogleService-Info.plist"; sourceTree = "<group>"; };
		829EB23E2B186983005378E4 /* GSRView.swift */ = {isa = PBXFileReference; lastKnownFileType = sourcecode.swift; path = GSRView.swift; sourceTree = "<group>"; };
		829EB2462B1AB946005378E4 /* SleepDetailsView.swift */ = {isa = PBXFileReference; lastKnownFileType = sourcecode.swift; path = SleepDetailsView.swift; sourceTree = "<group>"; };
		82F494B02B077AEA00CE7D81 /* BeautySleep.app */ = {isa = PBXFileReference; explicitFileType = wrapper.application; includeInIndex = 0; path = BeautySleep.app; sourceTree = BUILT_PRODUCTS_DIR; };
		82F494B32B077AEA00CE7D81 /* BeautySleepApp.swift */ = {isa = PBXFileReference; lastKnownFileType = sourcecode.swift; path = BeautySleepApp.swift; sourceTree = "<group>"; };
		82F494B52B077AEA00CE7D81 /* ContentView.swift */ = {isa = PBXFileReference; lastKnownFileType = sourcecode.swift; path = ContentView.swift; sourceTree = "<group>"; };
		82F494B72B077AEE00CE7D81 /* Assets.xcassets */ = {isa = PBXFileReference; lastKnownFileType = folder.assetcatalog; path = Assets.xcassets; sourceTree = "<group>"; };
		82F494BA2B077AEE00CE7D81 /* Preview Assets.xcassets */ = {isa = PBXFileReference; lastKnownFileType = folder.assetcatalog; path = "Preview Assets.xcassets"; sourceTree = "<group>"; };
		82F494C12B077BBB00CE7D81 /* BeautySleepTabView.swift */ = {isa = PBXFileReference; lastKnownFileType = sourcecode.swift; path = BeautySleepTabView.swift; sourceTree = "<group>"; };
		82F494C32B077CD700CE7D81 /* HomeView.swift */ = {isa = PBXFileReference; lastKnownFileType = sourcecode.swift; path = HomeView.swift; sourceTree = "<group>"; };
		82F494C52B077E4300CE7D81 /* ActivityCard.swift */ = {isa = PBXFileReference; lastKnownFileType = sourcecode.swift; path = ActivityCard.swift; sourceTree = "<group>"; };
		82F494C72B07893400CE7D81 /* HealthManager.swift */ = {isa = PBXFileReference; lastKnownFileType = sourcecode.swift; path = HealthManager.swift; sourceTree = "<group>"; };
		82F494C92B07911400CE7D81 /* BeautySleep.entitlements */ = {isa = PBXFileReference; lastKnownFileType = text.plist.entitlements; path = BeautySleep.entitlements; sourceTree = "<group>"; };
/* End PBXFileReference section */

/* Begin PBXFrameworksBuildPhase section */
		82F494AD2B077AEA00CE7D81 /* Frameworks */ = {
			isa = PBXFrameworksBuildPhase;
			buildActionMask = 2147483647;
			files = (
				824BF8652B184DD4009086A6 /* FirebaseMessaging in Frameworks */,
				824BF8552B184DD4009086A6 /* FirebaseFirestoreCombine-Community in Frameworks */,
				824BF84D2B184DD4009086A6 /* FirebaseDatabase in Frameworks */,
				824BF8342B1849BF009086A6 /* FirebaseAnalyticsSwift in Frameworks */,
				824BF86D2B184DD4009086A6 /* FirebaseStorage in Frameworks */,
				824BF8302B1849BF009086A6 /* FirebaseAnalytics in Frameworks */,
				824BF83B2B184DD4009086A6 /* FirebaseAnalytics in Frameworks */,
				824BF84B2B184DD4009086A6 /* FirebaseCrashlytics in Frameworks */,
				824BF8532B184DD4009086A6 /* FirebaseFirestore in Frameworks */,
				824BF8512B184DD4009086A6 /* FirebaseDynamicLinks in Frameworks */,
				824BF86F2B184DD4009086A6 /* FirebaseStorageCombine-Community in Frameworks */,
				824BF83D2B184DD4009086A6 /* FirebaseAnalyticsOnDeviceConversion in Frameworks */,
				824BF85B2B184DD4009086A6 /* FirebaseFunctionsCombine-Community in Frameworks */,
				824BF85F2B184DD4009086A6 /* FirebaseInAppMessagingSwift-Beta in Frameworks */,
				824BF8632B184DD4009086A6 /* FirebaseMLModelDownloader in Frameworks */,
				824BF85D2B184DD4009086A6 /* FirebaseInAppMessaging-Beta in Frameworks */,
				824BF8672B184DD4009086A6 /* FirebasePerformance in Frameworks */,
				824BF8492B184DD4009086A6 /* FirebaseAuthCombine-Community in Frameworks */,
				824BF83F2B184DD4009086A6 /* FirebaseAnalyticsSwift in Frameworks */,
				824BF84F2B184DD4009086A6 /* FirebaseDatabaseSwift in Frameworks */,
				824BF8322B1849BF009086A6 /* FirebaseAnalyticsOnDeviceConversion in Frameworks */,
				824BF8692B184DD4009086A6 /* FirebaseRemoteConfig in Frameworks */,
				824BF8382B1849BF009086A6 /* FirebaseAppCheck in Frameworks */,
				824BF8472B184DD4009086A6 /* FirebaseAuth in Frameworks */,
				824BF8592B184DD4009086A6 /* FirebaseFunctions in Frameworks */,
				824BF8612B184DD4009086A6 /* FirebaseInstallations in Frameworks */,
				824BF8572B184DD4009086A6 /* FirebaseFirestoreSwift in Frameworks */,
				824BF8412B184DD4009086A6 /* FirebaseAnalyticsWithoutAdIdSupport in Frameworks */,
				824BF8432B184DD4009086A6 /* FirebaseAppCheck in Frameworks */,
				824BF86B2B184DD4009086A6 /* FirebaseRemoteConfigSwift in Frameworks */,
				824BF8452B184DD4009086A6 /* FirebaseAppDistribution-Beta in Frameworks */,
				824BF8362B1849BF009086A6 /* FirebaseAnalyticsWithoutAdIdSupport in Frameworks */,
			);
			runOnlyForDeploymentPostprocessing = 0;
		};
/* End PBXFrameworksBuildPhase section */

/* Begin PBXGroup section */
		7ACF33F12B1E98640021114B /* Frameworks */ = {
			isa = PBXGroup;
			children = (
			);
			name = Frameworks;
			sourceTree = "<group>";
		};
		7ACF33F22B1E98920021114B /* AppCheck */ = {
			isa = PBXGroup;
			children = (
				7ACF33F32B1E98B20021114B /* MyAppCheckProviderFactory.swift */,
			);
			path = AppCheck;
			sourceTree = "<group>";
		};
		824BF8272B18427E009086A6 /* Views */ = {
			isa = PBXGroup;
			children = (
				82F494B52B077AEA00CE7D81 /* ContentView.swift */,
				82F494C12B077BBB00CE7D81 /* BeautySleepTabView.swift */,
				82F494C32B077CD700CE7D81 /* HomeView.swift */,
				829EB23E2B186983005378E4 /* GSRView.swift */,
				829EB2462B1AB946005378E4 /* SleepDetailsView.swift */,
				7ACF33EF2B1E83240021114B /* MoodTrackerView.swift */,
			);
			path = Views;
			sourceTree = "<group>";
		};
		82F494A72B077AEA00CE7D81 = {
			isa = PBXGroup;
			children = (
				82F494B22B077AEA00CE7D81 /* BeautySleep */,
				82F494B12B077AEA00CE7D81 /* Products */,
				7ACF33F12B1E98640021114B /* Frameworks */,
			);
			sourceTree = "<group>";
		};
		82F494B12B077AEA00CE7D81 /* Products */ = {
			isa = PBXGroup;
			children = (
				82F494B02B077AEA00CE7D81 /* BeautySleep.app */,
			);
			name = Products;
			sourceTree = "<group>";
		};
		82F494B22B077AEA00CE7D81 /* BeautySleep */ = {
			isa = PBXGroup;
			children = (
				7ACF33F22B1E98920021114B /* AppCheck */,
				7ACF33F52B1E9B4B0021114B /* GoogleService-Info.plist */,
				82F494C92B07911400CE7D81 /* BeautySleep.entitlements */,
				82F494B32B077AEA00CE7D81 /* BeautySleepApp.swift */,
				82F494B72B077AEE00CE7D81 /* Assets.xcassets */,
				82F494C52B077E4300CE7D81 /* ActivityCard.swift */,
				82F494B92B077AEE00CE7D81 /* Preview Content */,
				824BF8272B18427E009086A6 /* Views */,
				82F494C72B07893400CE7D81 /* HealthManager.swift */,
			);
			path = BeautySleep;
			sourceTree = "<group>";
		};
		82F494B92B077AEE00CE7D81 /* Preview Content */ = {
			isa = PBXGroup;
			children = (
				82F494BA2B077AEE00CE7D81 /* Preview Assets.xcassets */,
			);
			path = "Preview Content";
			sourceTree = "<group>";
		};
/* End PBXGroup section */

/* Begin PBXNativeTarget section */
		82F494AF2B077AEA00CE7D81 /* BeautySleep */ = {
			isa = PBXNativeTarget;
			buildConfigurationList = 82F494BE2B077AEE00CE7D81 /* Build configuration list for PBXNativeTarget "BeautySleep" */;
			buildPhases = (
				82F494AC2B077AEA00CE7D81 /* Sources */,
				82F494AD2B077AEA00CE7D81 /* Frameworks */,
				82F494AE2B077AEA00CE7D81 /* Resources */,
			);
			buildRules = (
			);
			dependencies = (
			);
			name = BeautySleep;
			packageProductDependencies = (
				824BF82F2B1849BF009086A6 /* FirebaseAnalytics */,
				824BF8312B1849BF009086A6 /* FirebaseAnalyticsOnDeviceConversion */,
				824BF8332B1849BF009086A6 /* FirebaseAnalyticsSwift */,
				824BF8352B1849BF009086A6 /* FirebaseAnalyticsWithoutAdIdSupport */,
				824BF8372B1849BF009086A6 /* FirebaseAppCheck */,
				824BF83A2B184DD4009086A6 /* FirebaseAnalytics */,
				824BF83C2B184DD4009086A6 /* FirebaseAnalyticsOnDeviceConversion */,
				824BF83E2B184DD4009086A6 /* FirebaseAnalyticsSwift */,
				824BF8402B184DD4009086A6 /* FirebaseAnalyticsWithoutAdIdSupport */,
				824BF8422B184DD4009086A6 /* FirebaseAppCheck */,
				824BF8442B184DD4009086A6 /* FirebaseAppDistribution-Beta */,
				824BF8462B184DD4009086A6 /* FirebaseAuth */,
				824BF8482B184DD4009086A6 /* FirebaseAuthCombine-Community */,
				824BF84A2B184DD4009086A6 /* FirebaseCrashlytics */,
				824BF84C2B184DD4009086A6 /* FirebaseDatabase */,
				824BF84E2B184DD4009086A6 /* FirebaseDatabaseSwift */,
				824BF8502B184DD4009086A6 /* FirebaseDynamicLinks */,
				824BF8522B184DD4009086A6 /* FirebaseFirestore */,
				824BF8542B184DD4009086A6 /* FirebaseFirestoreCombine-Community */,
				824BF8562B184DD4009086A6 /* FirebaseFirestoreSwift */,
				824BF8582B184DD4009086A6 /* FirebaseFunctions */,
				824BF85A2B184DD4009086A6 /* FirebaseFunctionsCombine-Community */,
				824BF85C2B184DD4009086A6 /* FirebaseInAppMessaging-Beta */,
				824BF85E2B184DD4009086A6 /* FirebaseInAppMessagingSwift-Beta */,
				824BF8602B184DD4009086A6 /* FirebaseInstallations */,
				824BF8622B184DD4009086A6 /* FirebaseMLModelDownloader */,
				824BF8642B184DD4009086A6 /* FirebaseMessaging */,
				824BF8662B184DD4009086A6 /* FirebasePerformance */,
				824BF8682B184DD4009086A6 /* FirebaseRemoteConfig */,
				824BF86A2B184DD4009086A6 /* FirebaseRemoteConfigSwift */,
				824BF86C2B184DD4009086A6 /* FirebaseStorage */,
				824BF86E2B184DD4009086A6 /* FirebaseStorageCombine-Community */,
			);
			productName = BeautySleep;
			productReference = 82F494B02B077AEA00CE7D81 /* BeautySleep.app */;
			productType = "com.apple.product-type.application";
		};
/* End PBXNativeTarget section */

/* Begin PBXProject section */
		82F494A82B077AEA00CE7D81 /* Project object */ = {
			isa = PBXProject;
			attributes = {
				BuildIndependentTargetsInParallel = 1;
				LastSwiftUpdateCheck = 1500;
				LastUpgradeCheck = 1500;
				TargetAttributes = {
					82F494AF2B077AEA00CE7D81 = {
						CreatedOnToolsVersion = 15.0.1;
					};
				};
			};
			buildConfigurationList = 82F494AB2B077AEA00CE7D81 /* Build configuration list for PBXProject "BeautySleep" */;
			compatibilityVersion = "Xcode 14.0";
			developmentRegion = en;
			hasScannedForEncodings = 0;
			knownRegions = (
				en,
				Base,
			);
			mainGroup = 82F494A72B077AEA00CE7D81;
			packageReferences = (
				824BF82E2B1849BF009086A6 /* XCRemoteSwiftPackageReference "firebase-ios-sdk" */,
			);
			productRefGroup = 82F494B12B077AEA00CE7D81 /* Products */;
			projectDirPath = "";
			projectRoot = "";
			targets = (
				82F494AF2B077AEA00CE7D81 /* BeautySleep */,
			);
		};
/* End PBXProject section */

/* Begin PBXResourcesBuildPhase section */
		82F494AE2B077AEA00CE7D81 /* Resources */ = {
			isa = PBXResourcesBuildPhase;
			buildActionMask = 2147483647;
			files = (
				82F494BB2B077AEE00CE7D81 /* Preview Assets.xcassets in Resources */,
				7ACF33F62B1E9B4B0021114B /* GoogleService-Info.plist in Resources */,
				82F494B82B077AEE00CE7D81 /* Assets.xcassets in Resources */,
			);
			runOnlyForDeploymentPostprocessing = 0;
		};
/* End PBXResourcesBuildPhase section */

/* Begin PBXSourcesBuildPhase section */
		82F494AC2B077AEA00CE7D81 /* Sources */ = {
			isa = PBXSourcesBuildPhase;
			buildActionMask = 2147483647;
			files = (
				82F494B62B077AEA00CE7D81 /* ContentView.swift in Sources */,
				7ACF33F02B1E83240021114B /* MoodTrackerView.swift in Sources */,
				829EB23F2B186983005378E4 /* GSRView.swift in Sources */,
				82F494C82B07893500CE7D81 /* HealthManager.swift in Sources */,
				7ACF33F42B1E98B20021114B /* MyAppCheckProviderFactory.swift in Sources */,
				829EB2472B1AB946005378E4 /* SleepDetailsView.swift in Sources */,
				82F494C42B077CD700CE7D81 /* HomeView.swift in Sources */,
				82F494B42B077AEA00CE7D81 /* BeautySleepApp.swift in Sources */,
				82F494C22B077BBB00CE7D81 /* BeautySleepTabView.swift in Sources */,
				82F494C62B077E4400CE7D81 /* ActivityCard.swift in Sources */,
			);
			runOnlyForDeploymentPostprocessing = 0;
		};
/* End PBXSourcesBuildPhase section */

/* Begin XCBuildConfiguration section */
		82F494BC2B077AEE00CE7D81 /* Debug */ = {
			isa = XCBuildConfiguration;
			buildSettings = {
				ALWAYS_SEARCH_USER_PATHS = NO;
				ASSETCATALOG_COMPILER_GENERATE_SWIFT_ASSET_SYMBOL_EXTENSIONS = YES;
				CLANG_ANALYZER_NONNULL = YES;
				CLANG_ANALYZER_NUMBER_OBJECT_CONVERSION = YES_AGGRESSIVE;
				CLANG_CXX_LANGUAGE_STANDARD = "gnu++20";
				CLANG_ENABLE_MODULES = YES;
				CLANG_ENABLE_OBJC_ARC = YES;
				CLANG_ENABLE_OBJC_WEAK = YES;
				CLANG_WARN_BLOCK_CAPTURE_AUTORELEASING = YES;
				CLANG_WARN_BOOL_CONVERSION = YES;
				CLANG_WARN_COMMA = YES;
				CLANG_WARN_CONSTANT_CONVERSION = YES;
				CLANG_WARN_DEPRECATED_OBJC_IMPLEMENTATIONS = YES;
				CLANG_WARN_DIRECT_OBJC_ISA_USAGE = YES_ERROR;
				CLANG_WARN_DOCUMENTATION_COMMENTS = YES;
				CLANG_WARN_EMPTY_BODY = YES;
				CLANG_WARN_ENUM_CONVERSION = YES;
				CLANG_WARN_INFINITE_RECURSION = YES;
				CLANG_WARN_INT_CONVERSION = YES;
				CLANG_WARN_NON_LITERAL_NULL_CONVERSION = YES;
				CLANG_WARN_OBJC_IMPLICIT_RETAIN_SELF = YES;
				CLANG_WARN_OBJC_LITERAL_CONVERSION = YES;
				CLANG_WARN_OBJC_ROOT_CLASS = YES_ERROR;
				CLANG_WARN_QUOTED_INCLUDE_IN_FRAMEWORK_HEADER = YES;
				CLANG_WARN_RANGE_LOOP_ANALYSIS = YES;
				CLANG_WARN_STRICT_PROTOTYPES = YES;
				CLANG_WARN_SUSPICIOUS_MOVE = YES;
				CLANG_WARN_UNGUARDED_AVAILABILITY = YES_AGGRESSIVE;
				CLANG_WARN_UNREACHABLE_CODE = YES;
				CLANG_WARN__DUPLICATE_METHOD_MATCH = YES;
				COPY_PHASE_STRIP = NO;
				DEBUG_INFORMATION_FORMAT = dwarf;
				ENABLE_STRICT_OBJC_MSGSEND = YES;
				ENABLE_TESTABILITY = YES;
				ENABLE_USER_SCRIPT_SANDBOXING = YES;
				GCC_C_LANGUAGE_STANDARD = gnu17;
				GCC_DYNAMIC_NO_PIC = NO;
				GCC_NO_COMMON_BLOCKS = YES;
				GCC_OPTIMIZATION_LEVEL = 0;
				GCC_PREPROCESSOR_DEFINITIONS = (
					"DEBUG=1",
					"$(inherited)",
				);
				GCC_WARN_64_TO_32_BIT_CONVERSION = YES;
				GCC_WARN_ABOUT_RETURN_TYPE = YES_ERROR;
				GCC_WARN_UNDECLARED_SELECTOR = YES;
				GCC_WARN_UNINITIALIZED_AUTOS = YES_AGGRESSIVE;
				GCC_WARN_UNUSED_FUNCTION = YES;
				GCC_WARN_UNUSED_VARIABLE = YES;
				IPHONEOS_DEPLOYMENT_TARGET = 17.0;
				LOCALIZATION_PREFERS_STRING_CATALOGS = YES;
				MTL_ENABLE_DEBUG_INFO = INCLUDE_SOURCE;
				MTL_FAST_MATH = YES;
				ONLY_ACTIVE_ARCH = YES;
				SDKROOT = iphoneos;
				SWIFT_ACTIVE_COMPILATION_CONDITIONS = "DEBUG $(inherited)";
				SWIFT_OPTIMIZATION_LEVEL = "-Onone";
			};
			name = Debug;
		};
		82F494BD2B077AEE00CE7D81 /* Release */ = {
			isa = XCBuildConfiguration;
			buildSettings = {
				ALWAYS_SEARCH_USER_PATHS = NO;
				ASSETCATALOG_COMPILER_GENERATE_SWIFT_ASSET_SYMBOL_EXTENSIONS = YES;
				CLANG_ANALYZER_NONNULL = YES;
				CLANG_ANALYZER_NUMBER_OBJECT_CONVERSION = YES_AGGRESSIVE;
				CLANG_CXX_LANGUAGE_STANDARD = "gnu++20";
				CLANG_ENABLE_MODULES = YES;
				CLANG_ENABLE_OBJC_ARC = YES;
				CLANG_ENABLE_OBJC_WEAK = YES;
				CLANG_WARN_BLOCK_CAPTURE_AUTORELEASING = YES;
				CLANG_WARN_BOOL_CONVERSION = YES;
				CLANG_WARN_COMMA = YES;
				CLANG_WARN_CONSTANT_CONVERSION = YES;
				CLANG_WARN_DEPRECATED_OBJC_IMPLEMENTATIONS = YES;
				CLANG_WARN_DIRECT_OBJC_ISA_USAGE = YES_ERROR;
				CLANG_WARN_DOCUMENTATION_COMMENTS = YES;
				CLANG_WARN_EMPTY_BODY = YES;
				CLANG_WARN_ENUM_CONVERSION = YES;
				CLANG_WARN_INFINITE_RECURSION = YES;
				CLANG_WARN_INT_CONVERSION = YES;
				CLANG_WARN_NON_LITERAL_NULL_CONVERSION = YES;
				CLANG_WARN_OBJC_IMPLICIT_RETAIN_SELF = YES;
				CLANG_WARN_OBJC_LITERAL_CONVERSION = YES;
				CLANG_WARN_OBJC_ROOT_CLASS = YES_ERROR;
				CLANG_WARN_QUOTED_INCLUDE_IN_FRAMEWORK_HEADER = YES;
				CLANG_WARN_RANGE_LOOP_ANALYSIS = YES;
				CLANG_WARN_STRICT_PROTOTYPES = YES;
				CLANG_WARN_SUSPICIOUS_MOVE = YES;
				CLANG_WARN_UNGUARDED_AVAILABILITY = YES_AGGRESSIVE;
				CLANG_WARN_UNREACHABLE_CODE = YES;
				CLANG_WARN__DUPLICATE_METHOD_MATCH = YES;
				COPY_PHASE_STRIP = NO;
				DEBUG_INFORMATION_FORMAT = "dwarf-with-dsym";
				ENABLE_NS_ASSERTIONS = NO;
				ENABLE_STRICT_OBJC_MSGSEND = YES;
				ENABLE_USER_SCRIPT_SANDBOXING = YES;
				GCC_C_LANGUAGE_STANDARD = gnu17;
				GCC_NO_COMMON_BLOCKS = YES;
				GCC_WARN_64_TO_32_BIT_CONVERSION = YES;
				GCC_WARN_ABOUT_RETURN_TYPE = YES_ERROR;
				GCC_WARN_UNDECLARED_SELECTOR = YES;
				GCC_WARN_UNINITIALIZED_AUTOS = YES_AGGRESSIVE;
				GCC_WARN_UNUSED_FUNCTION = YES;
				GCC_WARN_UNUSED_VARIABLE = YES;
				IPHONEOS_DEPLOYMENT_TARGET = 17.0;
				LOCALIZATION_PREFERS_STRING_CATALOGS = YES;
				MTL_ENABLE_DEBUG_INFO = NO;
				MTL_FAST_MATH = YES;
				SDKROOT = iphoneos;
				SWIFT_COMPILATION_MODE = wholemodule;
				VALIDATE_PRODUCT = YES;
			};
			name = Release;
		};
		82F494BF2B077AEE00CE7D81 /* Debug */ = {
			isa = XCBuildConfiguration;
			buildSettings = {
				ASSETCATALOG_COMPILER_APPICON_NAME = AppIcon;
				ASSETCATALOG_COMPILER_GLOBAL_ACCENT_COLOR_NAME = AccentColor;
				CODE_SIGN_ENTITLEMENTS = BeautySleep/BeautySleep.entitlements;
				CODE_SIGN_STYLE = Automatic;
				CURRENT_PROJECT_VERSION = 1;
				DEVELOPMENT_ASSET_PATHS = "\"BeautySleep/Preview Content\"";
				DEVELOPMENT_TEAM = "";
				ENABLE_PREVIEWS = YES;
				GENERATE_INFOPLIST_FILE = YES;
				"INFOPLIST_FILE[sdk=*]" = "";
				INFOPLIST_KEY_NSHealthShareUsageDescription = "Please allow access to use our application!";
				INFOPLIST_KEY_UIApplicationSceneManifest_Generation = YES;
				INFOPLIST_KEY_UIApplicationSupportsIndirectInputEvents = YES;
				INFOPLIST_KEY_UILaunchScreen_Generation = YES;
				INFOPLIST_KEY_UISupportedInterfaceOrientations_iPad = "UIInterfaceOrientationPortrait UIInterfaceOrientationPortraitUpsideDown UIInterfaceOrientationLandscapeLeft UIInterfaceOrientationLandscapeRight";
				INFOPLIST_KEY_UISupportedInterfaceOrientations_iPhone = "UIInterfaceOrientationPortrait UIInterfaceOrientationLandscapeLeft UIInterfaceOrientationLandscapeRight";
				LD_RUNPATH_SEARCH_PATHS = (
					"$(inherited)",
					"@executable_path/Frameworks",
				);
				MARKETING_VERSION = 1.0;
				PRODUCT_BUNDLE_IDENTIFIER = com.cheahwh123.BeautySleep;
				PRODUCT_NAME = "$(TARGET_NAME)";
				SWIFT_EMIT_LOC_STRINGS = YES;
				SWIFT_VERSION = 5.0;
				TARGETED_DEVICE_FAMILY = "1,2";
			};
			name = Debug;
		};
		82F494C02B077AEE00CE7D81 /* Release */ = {
			isa = XCBuildConfiguration;
			buildSettings = {
				ASSETCATALOG_COMPILER_APPICON_NAME = AppIcon;
				ASSETCATALOG_COMPILER_GLOBAL_ACCENT_COLOR_NAME = AccentColor;
				CODE_SIGN_ENTITLEMENTS = BeautySleep/BeautySleep.entitlements;
				CODE_SIGN_STYLE = Automatic;
				CURRENT_PROJECT_VERSION = 1;
				DEVELOPMENT_ASSET_PATHS = "\"BeautySleep/Preview Content\"";
				DEVELOPMENT_TEAM = "";
				ENABLE_PREVIEWS = YES;
				GENERATE_INFOPLIST_FILE = YES;
				INFOPLIST_KEY_NSHealthShareUsageDescription = "Please allow access to use our application!";
				INFOPLIST_KEY_UIApplicationSceneManifest_Generation = YES;
				INFOPLIST_KEY_UIApplicationSupportsIndirectInputEvents = YES;
				INFOPLIST_KEY_UILaunchScreen_Generation = YES;
				INFOPLIST_KEY_UISupportedInterfaceOrientations_iPad = "UIInterfaceOrientationPortrait UIInterfaceOrientationPortraitUpsideDown UIInterfaceOrientationLandscapeLeft UIInterfaceOrientationLandscapeRight";
				INFOPLIST_KEY_UISupportedInterfaceOrientations_iPhone = "UIInterfaceOrientationPortrait UIInterfaceOrientationLandscapeLeft UIInterfaceOrientationLandscapeRight";
				LD_RUNPATH_SEARCH_PATHS = (
					"$(inherited)",
					"@executable_path/Frameworks",
				);
				MARKETING_VERSION = 1.0;
				PRODUCT_BUNDLE_IDENTIFIER = com.cheahwh123.BeautySleep;
				PRODUCT_NAME = "$(TARGET_NAME)";
				SWIFT_EMIT_LOC_STRINGS = YES;
				SWIFT_VERSION = 5.0;
				TARGETED_DEVICE_FAMILY = "1,2";
			};
			name = Release;
		};
/* End XCBuildConfiguration section */

/* Begin XCConfigurationList section */
		82F494AB2B077AEA00CE7D81 /* Build configuration list for PBXProject "BeautySleep" */ = {
			isa = XCConfigurationList;
			buildConfigurations = (
				82F494BC2B077AEE00CE7D81 /* Debug */,
				82F494BD2B077AEE00CE7D81 /* Release */,
			);
			defaultConfigurationIsVisible = 0;
			defaultConfigurationName = Release;
		};
		82F494BE2B077AEE00CE7D81 /* Build configuration list for PBXNativeTarget "BeautySleep" */ = {
			isa = XCConfigurationList;
			buildConfigurations = (
				82F494BF2B077AEE00CE7D81 /* Debug */,
				82F494C02B077AEE00CE7D81 /* Release */,
			);
			defaultConfigurationIsVisible = 0;
			defaultConfigurationName = Release;
		};
/* End XCConfigurationList section */

/* Begin XCRemoteSwiftPackageReference section */
		824BF82E2B1849BF009086A6 /* XCRemoteSwiftPackageReference "firebase-ios-sdk" */ = {
			isa = XCRemoteSwiftPackageReference;
			repositoryURL = "https://github.com/firebase/firebase-ios-sdk";
			requirement = {
				kind = upToNextMajorVersion;
				minimumVersion = 10.18.0;
			};
		};
/* End XCRemoteSwiftPackageReference section */

/* Begin XCSwiftPackageProductDependency section */
		824BF82F2B1849BF009086A6 /* FirebaseAnalytics */ = {
			isa = XCSwiftPackageProductDependency;
			package = 824BF82E2B1849BF009086A6 /* XCRemoteSwiftPackageReference "firebase-ios-sdk" */;
			productName = FirebaseAnalytics;
		};
		824BF8312B1849BF009086A6 /* FirebaseAnalyticsOnDeviceConversion */ = {
			isa = XCSwiftPackageProductDependency;
			package = 824BF82E2B1849BF009086A6 /* XCRemoteSwiftPackageReference "firebase-ios-sdk" */;
			productName = FirebaseAnalyticsOnDeviceConversion;
		};
		824BF8332B1849BF009086A6 /* FirebaseAnalyticsSwift */ = {
			isa = XCSwiftPackageProductDependency;
			package = 824BF82E2B1849BF009086A6 /* XCRemoteSwiftPackageReference "firebase-ios-sdk" */;
			productName = FirebaseAnalyticsSwift;
		};
		824BF8352B1849BF009086A6 /* FirebaseAnalyticsWithoutAdIdSupport */ = {
			isa = XCSwiftPackageProductDependency;
			package = 824BF82E2B1849BF009086A6 /* XCRemoteSwiftPackageReference "firebase-ios-sdk" */;
			productName = FirebaseAnalyticsWithoutAdIdSupport;
		};
		824BF8372B1849BF009086A6 /* FirebaseAppCheck */ = {
			isa = XCSwiftPackageProductDependency;
			package = 824BF82E2B1849BF009086A6 /* XCRemoteSwiftPackageReference "firebase-ios-sdk" */;
			productName = FirebaseAppCheck;
		};
		824BF83A2B184DD4009086A6 /* FirebaseAnalytics */ = {
			isa = XCSwiftPackageProductDependency;
			productName = FirebaseAnalytics;
		};
		824BF83C2B184DD4009086A6 /* FirebaseAnalyticsOnDeviceConversion */ = {
			isa = XCSwiftPackageProductDependency;
			productName = FirebaseAnalyticsOnDeviceConversion;
		};
		824BF83E2B184DD4009086A6 /* FirebaseAnalyticsSwift */ = {
			isa = XCSwiftPackageProductDependency;
			productName = FirebaseAnalyticsSwift;
		};
		824BF8402B184DD4009086A6 /* FirebaseAnalyticsWithoutAdIdSupport */ = {
			isa = XCSwiftPackageProductDependency;
			productName = FirebaseAnalyticsWithoutAdIdSupport;
		};
		824BF8422B184DD4009086A6 /* FirebaseAppCheck */ = {
			isa = XCSwiftPackageProductDependency;
			productName = FirebaseAppCheck;
		};
		824BF8442B184DD4009086A6 /* FirebaseAppDistribution-Beta */ = {
			isa = XCSwiftPackageProductDependency;
			productName = "FirebaseAppDistribution-Beta";
		};
		824BF8462B184DD4009086A6 /* FirebaseAuth */ = {
			isa = XCSwiftPackageProductDependency;
			productName = FirebaseAuth;
		};
		824BF8482B184DD4009086A6 /* FirebaseAuthCombine-Community */ = {
			isa = XCSwiftPackageProductDependency;
			productName = "FirebaseAuthCombine-Community";
		};
		824BF84A2B184DD4009086A6 /* FirebaseCrashlytics */ = {
			isa = XCSwiftPackageProductDependency;
			productName = FirebaseCrashlytics;
		};
		824BF84C2B184DD4009086A6 /* FirebaseDatabase */ = {
			isa = XCSwiftPackageProductDependency;
			productName = FirebaseDatabase;
		};
		824BF84E2B184DD4009086A6 /* FirebaseDatabaseSwift */ = {
			isa = XCSwiftPackageProductDependency;
			productName = FirebaseDatabaseSwift;
		};
		824BF8502B184DD4009086A6 /* FirebaseDynamicLinks */ = {
			isa = XCSwiftPackageProductDependency;
			productName = FirebaseDynamicLinks;
		};
		824BF8522B184DD4009086A6 /* FirebaseFirestore */ = {
			isa = XCSwiftPackageProductDependency;
			productName = FirebaseFirestore;
		};
		824BF8542B184DD4009086A6 /* FirebaseFirestoreCombine-Community */ = {
			isa = XCSwiftPackageProductDependency;
			productName = "FirebaseFirestoreCombine-Community";
		};
		824BF8562B184DD4009086A6 /* FirebaseFirestoreSwift */ = {
			isa = XCSwiftPackageProductDependency;
			productName = FirebaseFirestoreSwift;
		};
		824BF8582B184DD4009086A6 /* FirebaseFunctions */ = {
			isa = XCSwiftPackageProductDependency;
			productName = FirebaseFunctions;
		};
		824BF85A2B184DD4009086A6 /* FirebaseFunctionsCombine-Community */ = {
			isa = XCSwiftPackageProductDependency;
			productName = "FirebaseFunctionsCombine-Community";
		};
		824BF85C2B184DD4009086A6 /* FirebaseInAppMessaging-Beta */ = {
			isa = XCSwiftPackageProductDependency;
			productName = "FirebaseInAppMessaging-Beta";
		};
		824BF85E2B184DD4009086A6 /* FirebaseInAppMessagingSwift-Beta */ = {
			isa = XCSwiftPackageProductDependency;
			productName = "FirebaseInAppMessagingSwift-Beta";
		};
		824BF8602B184DD4009086A6 /* FirebaseInstallations */ = {
			isa = XCSwiftPackageProductDependency;
			productName = FirebaseInstallations;
		};
		824BF8622B184DD4009086A6 /* FirebaseMLModelDownloader */ = {
			isa = XCSwiftPackageProductDependency;
			productName = FirebaseMLModelDownloader;
		};
		824BF8642B184DD4009086A6 /* FirebaseMessaging */ = {
			isa = XCSwiftPackageProductDependency;
			productName = FirebaseMessaging;
		};
		824BF8662B184DD4009086A6 /* FirebasePerformance */ = {
			isa = XCSwiftPackageProductDependency;
			productName = FirebasePerformance;
		};
		824BF8682B184DD4009086A6 /* FirebaseRemoteConfig */ = {
			isa = XCSwiftPackageProductDependency;
			productName = FirebaseRemoteConfig;
		};
		824BF86A2B184DD4009086A6 /* FirebaseRemoteConfigSwift */ = {
			isa = XCSwiftPackageProductDependency;
			productName = FirebaseRemoteConfigSwift;
		};
		824BF86C2B184DD4009086A6 /* FirebaseStorage */ = {
			isa = XCSwiftPackageProductDependency;
			productName = FirebaseStorage;
		};
		824BF86E2B184DD4009086A6 /* FirebaseStorageCombine-Community */ = {
			isa = XCSwiftPackageProductDependency;
			productName = "FirebaseStorageCombine-Community";
		};
/* End XCSwiftPackageProductDependency section */
	};
	rootObject = 82F494A82B077AEA00CE7D81 /* Project object */;
}
